// !$*UTF8*$!
{
	archiveVersion = 1;
	classes = {
	};
	objectVersion = 46;
	objects = {

/* Begin PBXBuildFile section */
		BCB27DE61A0CF6BE00CEA761 /* main.m in Sources */ = {isa = PBXBuildFile; fileRef = BCB27DE51A0CF6BE00CEA761 /* main.m */; };
		BCB27DE91A0CF6BE00CEA761 /* AppDelegate.m in Sources */ = {isa = PBXBuildFile; fileRef = BCB27DE81A0CF6BE00CEA761 /* AppDelegate.m */; };
		BCB27DEC1A0CF6BE00CEA761 /* ViewController.m in Sources */ = {isa = PBXBuildFile; fileRef = BCB27DEB1A0CF6BE00CEA761 /* ViewController.m */; };
		BCB27DEF1A0CF6BE00CEA761 /* Main.storyboard in Resources */ = {isa = PBXBuildFile; fileRef = BCB27DED1A0CF6BE00CEA761 /* Main.storyboard */; };
		BCB27DF11A0CF6BE00CEA761 /* Images.xcassets in Resources */ = {isa = PBXBuildFile; fileRef = BCB27DF01A0CF6BE00CEA761 /* Images.xcassets */; };
		BCB27DF41A0CF6BE00CEA761 /* LaunchScreen.xib in Resources */ = {isa = PBXBuildFile; fileRef = BCB27DF21A0CF6BE00CEA761 /* LaunchScreen.xib */; };
		BCB27E001A0CF6BE00CEA761 /* delegateTests.m in Sources */ = {isa = PBXBuildFile; fileRef = BCB27DFF1A0CF6BE00CEA761 /* delegateTests.m */; };
/* End PBXBuildFile section */

/* Begin PBXContainerItemProxy section */
		BCB27DFA1A0CF6BE00CEA761 /* PBXContainerItemProxy */ = {
			isa = PBXContainerItemProxy;
			containerPortal = BCB27DD81A0CF6BE00CEA761 /* Project object */;
			proxyType = 1;
			remoteGlobalIDString = BCB27DDF1A0CF6BE00CEA761;
			remoteInfo = delegate;
		};
/* End PBXContainerItemProxy section */

/* Begin PBXFileReference section */
		BCB27DE01A0CF6BE00CEA761 /* delegate.app */ = {isa = PBXFileReference; explicitFileType = wrapper.application; includeInIndex = 0; path = delegate.app; sourceTree = BUILT_PRODUCTS_DIR; };
		BCB27DE41A0CF6BE00CEA761 /* Info.plist */ = {isa = PBXFileReference; lastKnownFileType = text.plist.xml; path = Info.plist; sourceTree = "<group>"; };
		BCB27DE51A0CF6BE00CEA761 /* main.m */ = {isa = PBXFileReference; lastKnownFileType = sourcecode.c.objc; path = main.m; sourceTree = "<group>"; };
		BCB27DE71A0CF6BE00CEA761 /* AppDelegate.h */ = {isa = PBXFileReference; lastKnownFileType = sourcecode.c.h; path = AppDelegate.h; sourceTree = "<group>"; };
		BCB27DE81A0CF6BE00CEA761 /* AppDelegate.m */ = {isa = PBXFileReference; lastKnownFileType = sourcecode.c.objc; path = AppDelegate.m; sourceTree = "<group>"; };
		BCB27DEA1A0CF6BE00CEA761 /* ViewController.h */ = {isa = PBXFileReference; lastKnownFileType = sourcecode.c.h; path = ViewController.h; sourceTree = "<group>"; };
		BCB27DEB1A0CF6BE00CEA761 /* ViewController.m */ = {isa = PBXFileReference; lastKnownFileType = sourcecode.c.objc; path = ViewController.m; sourceTree = "<group>"; };
		BCB27DEE1A0CF6BE00CEA761 /* Base */ = {isa = PBXFileReference; lastKnownFileType = file.storyboard; name = Base; path = Base.lproj/Main.storyboard; sourceTree = "<group>"; };
		BCB27DF01A0CF6BE00CEA761 /* Images.xcassets */ = {isa = PBXFileReference; lastKnownFileType = folder.assetcatalog; path = Images.xcassets; sourceTree = "<group>"; };
		BCB27DF31A0CF6BE00CEA761 /* Base */ = {isa = PBXFileReference; lastKnownFileType = file.xib; name = Base; path = Base.lproj/LaunchScreen.xib; sourceTree = "<group>"; };
		BCB27DF91A0CF6BE00CEA761 /* delegateTests.xctest */ = {isa = PBXFileReference; explicitFileType = wrapper.cfbundle; includeInIndex = 0; path = delegateTests.xctest; sourceTree = BUILT_PRODUCTS_DIR; };
		BCB27DFE1A0CF6BE00CEA761 /* Info.plist */ = {isa = PBXFileReference; lastKnownFileType = text.plist.xml; path = Info.plist; sourceTree = "<group>"; };
		BCB27DFF1A0CF6BE00CEA761 /* delegateTests.m */ = {isa = PBXFileReference; lastKnownFileType = sourcecode.c.objc; path = delegateTests.m; sourceTree = "<group>"; };
/* End PBXFileReference section */

/* Begin PBXFrameworksBuildPhase section */
		BCB27DDD1A0CF6BE00CEA761 /* Frameworks */ = {
			isa = PBXFrameworksBuildPhase;
			buildActionMask = 2147483647;
			files = (
			);
			runOnlyForDeploymentPostprocessing = 0;
		};
		BCB27DF61A0CF6BE00CEA761 /* Frameworks */ = {
			isa = PBXFrameworksBuildPhase;
			buildActionMask = 2147483647;
			files = (
			);
			runOnlyForDeploymentPostprocessing = 0;
		};
/* End PBXFrameworksBuildPhase section */

/* Begin PBXGroup section */
		BCB27DD71A0CF6BE00CEA761 = {
			isa = PBXGroup;
			children = (
				BCB27DE21A0CF6BE00CEA761 /* delegate */,
				BCB27DFC1A0CF6BE00CEA761 /* delegateTests */,
				BCB27DE11A0CF6BE00CEA761 /* Products */,
			);
			sourceTree = "<group>";
		};
		BCB27DE11A0CF6BE00CEA761 /* Products */ = {
			isa = PBXGroup;
			children = (
				BCB27DE01A0CF6BE00CEA761 /* delegate.app */,
				BCB27DF91A0CF6BE00CEA761 /* delegateTests.xctest */,
			);
			name = Products;
			sourceTree = "<group>";
		};
		BCB27DE21A0CF6BE00CEA761 /* delegate */ = {
			isa = PBXGroup;
			children = (
				BCB27DE71A0CF6BE00CEA761 /* AppDelegate.h */,
				BCB27DE81A0CF6BE00CEA761 /* AppDelegate.m */,
				BCB27DEA1A0CF6BE00CEA761 /* ViewController.h */,
				BCB27DEB1A0CF6BE00CEA761 /* ViewController.m */,
				BCB27DED1A0CF6BE00CEA761 /* Main.storyboard */,
				BCB27DF01A0CF6BE00CEA761 /* Images.xcassets */,
				BCB27DF21A0CF6BE00CEA761 /* LaunchScreen.xib */,
				BCB27DE31A0CF6BE00CEA761 /* Supporting Files */,
			);
			path = delegate;
			sourceTree = "<group>";
		};
		BCB27DE31A0CF6BE00CEA761 /* Supporting Files */ = {
			isa = PBXGroup;
			children = (
				BCB27DE41A0CF6BE00CEA761 /* Info.plist */,
				BCB27DE51A0CF6BE00CEA761 /* main.m */,
			);
			name = "Supporting Files";
			sourceTree = "<group>";
		};
		BCB27DFC1A0CF6BE00CEA761 /* delegateTests */ = {
			isa = PBXGroup;
			children = (
				BCB27DFF1A0CF6BE00CEA761 /* delegateTests.m */,
				BCB27DFD1A0CF6BE00CEA761 /* Supporting Files */,
			);
			path = delegateTests;
			sourceTree = "<group>";
		};
		BCB27DFD1A0CF6BE00CEA761 /* Supporting Files */ = {
			isa = PBXGroup;
			children = (
				BCB27DFE1A0CF6BE00CEA761 /* Info.plist */,
			);
			name = "Supporting Files";
			sourceTree = "<group>";
		};
/* End PBXGroup section */

/* Begin PBXNativeTarget section */
		BCB27DDF1A0CF6BE00CEA761 /* delegate */ = {
			isa = PBXNativeTarget;
			buildConfigurationList = BCB27E031A0CF6BE00CEA761 /* Build configuration list for PBXNativeTarget "delegate" */;
			buildPhases = (
				BCB27DDC1A0CF6BE00CEA761 /* Sources */,
				BCB27DDD1A0CF6BE00CEA761 /* Frameworks */,
				BCB27DDE1A0CF6BE00CEA761 /* Resources */,
			);
			buildRules = (
			);
			dependencies = (
			);
			name = delegate;
			productName = delegate;
			productReference = BCB27DE01A0CF6BE00CEA761 /* delegate.app */;
			productType = "com.apple.product-type.application";
		};
		BCB27DF81A0CF6BE00CEA761 /* delegateTests */ = {
			isa = PBXNativeTarget;
			buildConfigurationList = BCB27E061A0CF6BE00CEA761 /* Build configuration list for PBXNativeTarget "delegateTests" */;
			buildPhases = (
				BCB27DF51A0CF6BE00CEA761 /* Sources */,
				BCB27DF61A0CF6BE00CEA761 /* Frameworks */,
				BCB27DF71A0CF6BE00CEA761 /* Resources */,
			);
			buildRules = (
			);
			dependencies = (
				BCB27DFB1A0CF6BE00CEA761 /* PBXTargetDependency */,
			);
			name = delegateTests;
			productName = delegateTests;
			productReference = BCB27DF91A0CF6BE00CEA761 /* delegateTests.xctest */;
			productType = "com.apple.product-type.bundle.unit-test";
		};
/* End PBXNativeTarget section */

/* Begin PBXProject section */
		BCB27DD81A0CF6BE00CEA761 /* Project object */ = {
			isa = PBXProject;
			attributes = {
				LastUpgradeCheck = 0600;
				ORGANIZATIONNAME = gyana;
				TargetAttributes = {
					BCB27DDF1A0CF6BE00CEA761 = {
						CreatedOnToolsVersion = 6.0;
					};
					BCB27DF81A0CF6BE00CEA761 = {
						CreatedOnToolsVersion = 6.0;
						TestTargetID = BCB27DDF1A0CF6BE00CEA761;
					};
				};
			};
			buildConfigurationList = BCB27DDB1A0CF6BE00CEA761 /* Build configuration list for PBXProject "delegate" */;
			compatibilityVersion = "Xcode 3.2";
			developmentRegion = English;
			hasScannedForEncodings = 0;
			knownRegions = (
				en,
				Base,
			);
			mainGroup = BCB27DD71A0CF6BE00CEA761;
			productRefGroup = BCB27DE11A0CF6BE00CEA761 /* Products */;
			projectDirPath = "";
			projectRoot = "";
			targets = (
				BCB27DDF1A0CF6BE00CEA761 /* delegate */,
				BCB27DF81A0CF6BE00CEA761 /* delegateTests */,
			);
		};
/* End PBXProject section */

/* Begin PBXResourcesBuildPhase section */
		BCB27DDE1A0CF6BE00CEA761 /* Resources */ = {
			isa = PBXResourcesBuildPhase;
			buildActionMask = 2147483647;
			files = (
				BCB27DEF1A0CF6BE00CEA761 /* Main.storyboard in Resources */,
				BCB27DF41A0CF6BE00CEA761 /* LaunchScreen.xib in Resources */,
				BCB27DF11A0CF6BE00CEA761 /* Images.xcassets in Resources */,
			);
			runOnlyForDeploymentPostprocessing = 0;
		};
		BCB27DF71A0CF6BE00CEA761 /* Resources */ = {
			isa = PBXResourcesBuildPhase;
			buildActionMask = 2147483647;
			files = (
			);
			runOnlyForDeploymentPostprocessing = 0;
		};
/* End PBXResourcesBuildPhase section */

/* Begin PBXSourcesBuildPhase section */
		BCB27DDC1A0CF6BE00CEA761 /* Sources */ = {
			isa = PBXSourcesBuildPhase;
			buildActionMask = 2147483647;
			files = (
				BCB27DEC1A0CF6BE00CEA761 /* ViewController.m in Sources */,
				BCB27DE91A0CF6BE00CEA761 /* AppDelegate.m in Sources */,
				BCB27DE61A0CF6BE00CEA761 /* main.m in Sources */,
			);
			runOnlyForDeploymentPostprocessing = 0;
		};
		BCB27DF51A0CF6BE00CEA761 /* Sources */ = {
			isa = PBXSourcesBuildPhase;
			buildActionMask = 2147483647;
			files = (
				BCB27E001A0CF6BE00CEA761 /* delegateTests.m in Sources */,
			);
			runOnlyForDeploymentPostprocessing = 0;
		};
/* End PBXSourcesBuildPhase section */

/* Begin PBXTargetDependency section */
		BCB27DFB1A0CF6BE00CEA761 /* PBXTargetDependency */ = {
			isa = PBXTargetDependency;
			target = BCB27DDF1A0CF6BE00CEA761 /* delegate */;
			targetProxy = BCB27DFA1A0CF6BE00CEA761 /* PBXContainerItemProxy */;
		};
/* End PBXTargetDependency section */

/* Begin PBXVariantGroup section */
		BCB27DED1A0CF6BE00CEA761 /* Main.storyboard */ = {
			isa = PBXVariantGroup;
			children = (
				BCB27DEE1A0CF6BE00CEA761 /* Base */,
			);
			name = Main.storyboard;
			sourceTree = "<group>";
		};
		BCB27DF21A0CF6BE00CEA761 /* LaunchScreen.xib */ = {
			isa = PBXVariantGroup;
			children = (
				BCB27DF31A0CF6BE00CEA761 /* Base */,
			);
			name = LaunchScreen.xib;
			sourceTree = "<group>";
		};
/* End PBXVariantGroup section */

/* Begin XCBuildConfiguration section */
		BCB27E011A0CF6BE00CEA761 /* Debug */ = {
			isa = XCBuildConfiguration;
			buildSettings = {
				ALWAYS_SEARCH_USER_PATHS = NO;
				CLANG_CXX_LANGUAGE_STANDARD = "gnu++0x";
				CLANG_CXX_LIBRARY = "libc++";
				CLANG_ENABLE_MODULES = YES;
				CLANG_ENABLE_OBJC_ARC = YES;
				CLANG_WARN_BOOL_CONVERSION = YES;
				CLANG_WARN_CONSTANT_CONVERSION = YES;
				CLANG_WARN_DIRECT_OBJC_ISA_USAGE = YES_ERROR;
				CLANG_WARN_EMPTY_BODY = YES;
				CLANG_WARN_ENUM_CONVERSION = YES;
				CLANG_WARN_INT_CONVERSION = YES;
				CLANG_WARN_OBJC_ROOT_CLASS = YES_ERROR;
				CLANG_WARN_UNREACHABLE_CODE = YES;
				CLANG_WARN__DUPLICATE_METHOD_MATCH = YES;
				"CODE_SIGN_IDENTITY[sdk=iphoneos*]" = "iPhone Developer";
				COPY_PHASE_STRIP = NO;
				ENABLE_STRICT_OBJC_MSGSEND = YES;
				GCC_C_LANGUAGE_STANDARD = gnu99;
				GCC_DYNAMIC_NO_PIC = NO;
				GCC_OPTIMIZATION_LEVEL = 0;
				GCC_PREPROCESSOR_DEFINITIONS = (
					"DEBUG=1",
					"$(inherited)",
				);
				GCC_SYMBOLS_PRIVATE_EXTERN = NO;
				GCC_WARN_64_TO_32_BIT_CONVERSION = YES;
				GCC_WARN_ABOUT_RETURN_TYPE = YES_ERROR;
				GCC_WARN_UNDECLARED_SELECTOR = YES;
				GCC_WARN_UNINITIALIZED_AUTOS = YES_AGGRESSIVE;
				GCC_WARN_UNUSED_FUNCTION = YES;
				GCC_WARN_UNUSED_VARIABLE = YES;
				IPHONEOS_DEPLOYMENT_TARGET = 8.0;
				MTL_ENABLE_DEBUG_INFO = YES;
				ONLY_ACTIVE_ARCH = YES;
				SDKROOT = iphoneos;
			};
			name = Debug;
		};
		BCB27E021A0CF6BE00CEA761 /* Release */ = {
			isa = XCBuildConfiguration;
			buildSettings = {
				ALWAYS_SEARCH_USER_PATHS = NO;
				CLANG_CXX_LANGUAGE_STANDARD = "gnu++0x";
				CLANG_CXX_LIBRARY = "libc++";
				CLANG_ENABLE_MODULES = YES;
				CLANG_ENABLE_OBJC_ARC = YES;
				CLANG_WARN_BOOL_CONVERSION = YES;
				CLANG_WARN_CONSTANT_CONVERSION = YES;
				CLANG_WARN_DIRECT_OBJC_ISA_USAGE = YES_ERROR;
				CLANG_WARN_EMPTY_BODY = YES;
				CLANG_WARN_ENUM_CONVERSION = YES;
				CLANG_WARN_INT_CONVERSION = YES;
				CLANG_WARN_OBJC_ROOT_CLASS = YES_ERROR;
				CLANG_WARN_UNREACHABLE_CODE = YES;
				CLANG_WARN__DUPLICATE_METHOD_MATCH = YES;
				"CODE_SIGN_IDENTITY[sdk=iphoneos*]" = "iPhone Developer";
				COPY_PHASE_STRIP = YES;
				ENABLE_NS_ASSERTIONS = NO;
				ENABLE_STRICT_OBJC_MSGSEND = YES;
				GCC_C_LANGUAGE_STANDARD = gnu99;
				GCC_WARN_64_TO_32_BIT_CONVERSION = YES;
				GCC_WARN_ABOUT_RETURN_TYPE = YES_ERROR;
				GCC_WARN_UNDECLARED_SELECTOR = YES;
				GCC_WARN_UNINITIALIZED_AUTOS = YES_AGGRESSIVE;
				GCC_WARN_UNUSED_FUNCTION = YES;
				GCC_WARN_UNUSED_VARIABLE = YES;
				IPHONEOS_DEPLOYMENT_TARGET = 8.0;
				MTL_ENABLE_DEBUG_INFO = NO;
				SDKROOT = iphoneos;
				VALIDATE_PRODUCT = YES;
			};
			name = Release;
		};
		BCB27E041A0CF6BE00CEA761 /* Debug */ = {
			isa = XCBuildConfiguration;
			buildSettings = {
				ASSETCATALOG_COMPILER_APPICON_NAME = AppIcon;
				INFOPLIST_FILE = delegate/Info.plist;
				LD_RUNPATH_SEARCH_PATHS = "$(inherited) @executable_path/Frameworks";
				PRODUCT_NAME = "$(TARGET_NAME)";
			};
			name = Debug;
		};
		BCB27E051A0CF6BE00CEA761 /* Release */ = {
			isa = XCBuildConfiguration;
			buildSettings = {
				ASSETCATALOG_COMPILER_APPICON_NAME = AppIcon;
				INFOPLIST_FILE = delegate/Info.plist;
				LD_RUNPATH_SEARCH_PATHS = "$(inherited) @executable_path/Frameworks";
				PRODUCT_NAME = "$(TARGET_NAME)";
			};
			name = Release;
		};
		BCB27E071A0CF6BE00CEA761 /* Debug */ = {
			isa = XCBuildConfiguration;
			buildSettings = {
				BUNDLE_LOADER = "$(TEST_HOST)";
				FRAMEWORK_SEARCH_PATHS = (
					"$(SDKROOT)/Developer/Library/Frameworks",
					"$(inherited)",
				);
				GCC_PREPROCESSOR_DEFINITIONS = (
					"DEBUG=1",
					"$(inherited)",
				);
				INFOPLIST_FILE = delegateTests/Info.plist;
				LD_RUNPATH_SEARCH_PATHS = "$(inherited) @executable_path/Frameworks @loader_path/Frameworks";
				PRODUCT_NAME = "$(TARGET_NAME)";
				TEST_HOST = "$(BUILT_PRODUCTS_DIR)/delegate.app/delegate";
			};
			name = Debug;
		};
		BCB27E081A0CF6BE00CEA761 /* Release */ = {
			isa = XCBuildConfiguration;
			buildSettings = {
				BUNDLE_LOADER = "$(TEST_HOST)";
				FRAMEWORK_SEARCH_PATHS = (
					"$(SDKROOT)/Developer/Library/Frameworks",
					"$(inherited)",
				);
				INFOPLIST_FILE = delegateTests/Info.plist;
				LD_RUNPATH_SEARCH_PATHS = "$(inherited) @executable_path/Frameworks @loader_path/Frameworks";
				PRODUCT_NAME = "$(TARGET_NAME)";
				TEST_HOST = "$(BUILT_PRODUCTS_DIR)/delegate.app/delegate";
			};
			name = Release;
		};
/* End XCBuildConfiguration section */

/* Begin XCConfigurationList section */
		BCB27DDB1A0CF6BE00CEA761 /* Build configuration list for PBXProject "delegate" */ = {
			isa = XCConfigurationList;
			buildConfigurations = (
				BCB27E011A0CF6BE00CEA761 /* Debug */,
				BCB27E021A0CF6BE00CEA761 /* Release */,
			);
			defaultConfigurationIsVisible = 0;
			defaultConfigurationName = Release;
		};
		BCB27E031A0CF6BE00CEA761 /* Build configuration list for PBXNativeTarget "delegate" */ = {
			isa = XCConfigurationList;
			buildConfigurations = (
				BCB27E041A0CF6BE00CEA761 /* Debug */,
				BCB27E051A0CF6BE00CEA761 /* Release */,
			);
			defaultConfigurationIsVisible = 0;
		};
		BCB27E061A0CF6BE00CEA761 /* Build configuration list for PBXNativeTarget "delegateTests" */ = {
			isa = XCConfigurationList;
			buildConfigurations = (
				BCB27E071A0CF6BE00CEA761 /* Debug */,
				BCB27E081A0CF6BE00CEA761 /* Release */,
			);
			defaultConfigurationIsVisible = 0;
		};
/* End XCConfigurationList section */
	};
	rootObject = BCB27DD81A0CF6BE00CEA761 /* Project object */;
}
